
Microsoft Visual Studio Solution File, Format Version 12.00
# Visual Studio Version 17
VisualStudioVersion = 17.14.36603.0 d17.14
MinimumVisualStudioVersion = 10.0.40219.1
Project("{FAE04EC0-301F-11D3-BF4B-00C04F79EFBC}") = "Manage_Store", "Manage_Store\Manage_Store.csproj", "{209821C2-0F0D-4AC7-9B09-81113388DF1C}"
EndProject
Global
	GlobalSection(SolutionConfigurationPlatforms) = preSolution
		Debug|Any CPU = Debug|Any CPU
		Release|Any CPU = Release|Any CPU
	EndGlobalSection
	GlobalSection(ProjectConfigurationPlatforms) = postSolution
		{209821C2-0F0D-4AC7-9B09-81113388DF1C}.Debug|Any CPU.ActiveCfg = Debug|Any CPU
		{209821C2-0F0D-4AC7-9B09-81113388DF1C}.Debug|Any CPU.Build.0 = Debug|Any CPU
		{209821C2-0F0D-4AC7-9B09-81113388DF1C}.Release|Any CPU.ActiveCfg = Release|Any CPU
		{209821C2-0F0D-4AC7-9B09-81113388DF1C}.Release|Any CPU.Build.0 = Release|Any CPU
	EndGlobalSection
	GlobalSection(SolutionProperties) = preSolution
		HideSolutionNode = FALSE
	EndGlobalSection
	GlobalSection(ExtensibilityGlobals) = postSolution
		SolutionGuid = {A58C887F-9B20-47A6-BEC9-589BFC18E352}
	EndGlobalSection
EndGlobal
