Microsoft Visual Studio Solution File, Format Version 12.00
# Visual Studio Version 17
VisualStudioVersion = 17.5.2.0
MinimumVisualStudioVersion = 10.0.40219.1
Project("{FAE04EC0-301F-11D3-BF4B-00C04F79EFBC}") = "Manage_Store", "Manage_Store.csproj", "{EDE4C5C3-ED37-C8C8-4E0B-43760740A164}"
EndProject
Global
	GlobalSection(SolutionConfigurationPlatforms) = preSolution
		Debug|Any CPU = Debug|Any CPU
		Release|Any CPU = Release|Any CPU
	EndGlobalSection
	GlobalSection(ProjectConfigurationPlatforms) = postSolution
		{EDE4C5C3-ED37-C8C8-4E0B-43760740A164}.Debug|Any CPU.ActiveCfg = Debug|Any CPU
		{EDE4C5C3-ED37-C8C8-4E0B-43760740A164}.Debug|Any CPU.Build.0 = Debug|Any CPU
		{EDE4C5C3-ED37-C8C8-4E0B-43760740A164}.Release|Any CPU.ActiveCfg = Release|Any CPU
		{EDE4C5C3-ED37-C8C8-4E0B-43760740A164}.Release|Any CPU.Build.0 = Release|Any CPU
	EndGlobalSection
	GlobalSection(SolutionProperties) = preSolution
		HideSolutionNode = FALSE
	EndGlobalSection
	GlobalSection(ExtensibilityGlobals) = postSolution
		SolutionGuid = {3C0629F0-7DAA-4248-A62A-165BB6ECF7AF}
	EndGlobalSection
EndGlobal
